
Microsoft Visual Studio Solution File, Format Version 12.00
# Visual Studio Version 16
VisualStudioVersion = 16.0.29021.104
MinimumVisualStudioVersion = 10.0.40219.1
Project("{9A19103F-16F7-4668-BE54-9A1E7A4F7556}") = "DependencyInjection.Analyzer", "DependencyInjection.Analyzer\DependencyInjection.Analyzer.csproj", "{640D6597-FB3D-4F3B-B588-2DEF966E54B7}"
EndProject
Project("{9A19103F-16F7-4668-BE54-9A1E7A4F7556}") = "Api", "Api\Api.csproj", "{2226D03B-4C17-4095-8A27-A646EBBC57C7}"
EndProject
Global
	GlobalSection(SolutionConfigurationPlatforms) = preSolution
		Debug|Any CPU = Debug|Any CPU
		Release|Any CPU = Release|Any CPU
	EndGlobalSection
	GlobalSection(ProjectConfigurationPlatforms) = postSolution
		{640D6597-FB3D-4F3B-B588-2DEF966E54B7}.Debug|Any CPU.ActiveCfg = Debug|Any CPU
		{640D6597-FB3D-4F3B-B588-2DEF966E54B7}.Debug|Any CPU.Build.0 = Debug|Any CPU
		{640D6597-FB3D-4F3B-B588-2DEF966E54B7}.Release|Any CPU.ActiveCfg = Release|Any CPU
		{640D6597-FB3D-4F3B-B588-2DEF966E54B7}.Release|Any CPU.Build.0 = Release|Any CPU
		{2226D03B-4C17-4095-8A27-A646EBBC57C7}.Debug|Any CPU.ActiveCfg = Debug|Any CPU
		{2226D03B-4C17-4095-8A27-A646EBBC57C7}.Debug|Any CPU.Build.0 = Debug|Any CPU
		{2226D03B-4C17-4095-8A27-A646EBBC57C7}.Release|Any CPU.ActiveCfg = Release|Any CPU
		{2226D03B-4C17-4095-8A27-A646EBBC57C7}.Release|Any CPU.Build.0 = Release|Any CPU
	EndGlobalSection
	GlobalSection(SolutionProperties) = preSolution
		HideSolutionNode = FALSE
	EndGlobalSection
	GlobalSection(ExtensibilityGlobals) = postSolution
		SolutionGuid = {85B3EBEA-1934-48DA-9B15-14A519309A28}
	EndGlobalSection
EndGlobal
